# This file was autogenerated by uv via the following command:
#    uv pip compile requirements.txt --python .venv/bin/python -o requirements.lock
aiohappyeyeballs==2.7.1
    # via aiohttp
aiohttp==3.14.3
    # via modal
aiosignal==1.4.0
    # via aiohttp
annotated-doc==0.0.5
    # via fastapi
annotated-types==0.8.0
    # via pydantic
anyio==4.15.1
    # via
    #   google-genai
    #   httpx
    #   httpx2
    #   pydantic-ai-slim
    #   pydantic-graph
    #   starlette
    #   watchfiles
attrs==26.1.0
    # via aiohttp
cbor2==6.1.4
    # via modal
certifi==2026.7.22
    # via
    #   httpcore
    #   httpx
    #   modal
    #   requests
cffi==2.1.1
    # via cryptography
charset-normalizer==3.5.1
    # via requests
click==8.5.0
    # via
    #   modal
    #   uvicorn
cryptography==50.0.1
    # via google-auth
distro==1.9.0
    # via google-genai
fastapi==0.141.1
    # via -r requirements.txt
frozenlist==1.8.0
    # via
    #   aiohttp
    #   aiosignal
genai-prices==0.1.7
    # via pydantic-ai-slim
google-auth==2.58.0
    # via google-genai
google-genai==2.24.0
    # via
    #   -r requirements.txt
    #   pydantic-ai-slim
griffelib==2.3.0
    # via pydantic-ai-slim
grpclib==0.4.9
    # via modal
h11==0.16.0
    # via
    #   httpcore
    #   httpcore2
    #   uvicorn
h2==4.4.1
    # via grpclib
hpack==4.2.0
    # via h2
httpcore==1.0.9
    # via httpx
httpcore2==2.13.0
    # via httpx2
httptools==0.8.0
    # via uvicorn
httpx==0.28.1
    # via
    #   -r requirements.txt
    #   google-genai
httpx2==2.13.0
    # via
    #   genai-prices
    #   pydantic-ai-slim
hyperframe==6.1.0
    # via h2
idna==3.20
    # via
    #   anyio
    #   httpx
    #   httpx2
    #   requests
    #   yarl
iniconfig==2.3.0
    # via pytest
logfire-api==5.1.0
    # via pydantic-graph
markdown-it-py==4.2.0
    # via rich
mdurl==0.1.2
    # via markdown-it-py
modal==1.5.5
    # via -r requirements.txt
multidict==6.9.0
    # via
    #   aiohttp
    #   grpclib
    #   yarl
opentelemetry-api==1.44.0
    # via pydantic-ai-slim
packaging==26.3
    # via pytest
pluggy==1.6.0
    # via pytest
propcache==0.5.4
    # via
    #   aiohttp
    #   yarl
protobuf==6.33.6
    # via modal
pyasn1==0.6.4
    # via pyasn1-modules
pyasn1-modules==0.4.2
    # via google-auth
pycparser==3.0
    # via cffi
pydantic==2.13.5
    # via
    #   -r requirements.txt
    #   fastapi
    #   genai-prices
    #   google-genai
    #   pydantic-ai-slim
    #   pydantic-graph
pydantic-ai-slim==2.46.0
    # via -r requirements.txt
pydantic-core==2.46.5
    # via pydantic
pydantic-graph==2.46.0
    # via pydantic-ai-slim
pygments==2.21.0
    # via
    #   pytest
    #   rich
pytest==9.1.1
    # via -r requirements.txt
python-dotenv==1.2.3
    # via
    #   -r requirements.txt
    #   uvicorn
pyyaml==6.0.3
    # via uvicorn
requests==2.34.2
    # via
    #   google-auth
    #   google-genai
rich==15.0.0
    # via modal
sniffio==1.3.1
    # via google-genai
starlette==1.6.0
    # via fastapi
synchronicity==0.12.5
    # via modal
tenacity==9.1.4
    # via google-genai
toml==0.10.2
    # via modal
truststore==0.10.4
    # via
    #   httpcore2
    #   httpx2
types-certifi==2021.10.8.3
    # via modal
types-toml==0.10.8.20260518
    # via modal
typing-extensions==4.16.0
    # via
    #   aiohttp
    #   aiosignal
    #   anyio
    #   fastapi
    #   google-genai
    #   httpx2
    #   modal
    #   opentelemetry-api
    #   pydantic
    #   pydantic-core
    #   starlette
    #   synchronicity
    #   typing-inspection
typing-inspection==0.4.4
    # via
    #   fastapi
    #   pydantic
    #   pydantic-ai-slim
    #   pydantic-graph
urllib3==2.8.0
    # via requests
uvicorn==0.53.0
    # via -r requirements.txt
uvloop==0.22.1
    # via uvicorn
watchfiles==1.2.0
    # via
    #   modal
    #   uvicorn
websockets==16.1.1
    # via
    #   google-genai
    #   uvicorn
yarl==1.25.1
    # via aiohttp
